{
  "requires": true,
  "lockfileVersion": 1,
  "dependencies": {
    "bootstrap": {
      "version": "5.1.3",
      "resolved": "https://registry.npmjs.org/bootstrap/-/bootstrap-5.1.3.tgz",
      "integrity": "sha512-fcQztozJ8jToQWXxVuEyXWW+dSo8AiXWKwiSSrKWsRB/Qt+Ewwza+JWoLKiTuQLaEPhdNAJ7+Dosc9DOIqNy7Q=="
    },
    "jquery": {
      "version": "3.6.0",
      "resolved": "https://registry.npmjs.org/jquery/-/jquery-3.6.0.tgz",
      "integrity": "sha512-JVzAR/AjBvVt2BmYhxRCSYysDsPcssdmTFnzyLEts9qNwmjmu4JTAMYubEfwVOSwpQ1I1sKKFcxhZCI2buerfw=="
    },
    "mosha-vue-toastify": {
      "version": "1.0.23",
      "resolved": "https://registry.npmjs.org/mosha-vue-toastify/-/mosha-vue-toastify-1.0.23.tgz",
      "integrity": "sha512-K9fij3e3H+E/Lj82ISrgmyKrtM5RNmtZC/KG/KH47+oZGmzAkN/Zuz39kBdT/Mp8OxaHuIWQntEUMP+HdmK1xA=="
    },
    "sweetalert2": {
      "version": "11.1.9",
      "resolved": "https://registry.npmjs.org/sweetalert2/-/sweetalert2-11.1.9.tgz",
      "integrity": "sha512-ox+BjtAbO8mJrbQH9TsNwMwLeTfV+ve33CVz/kKn5D/DhRiSqnw2rWL4HuBlh9Z4yqYlTD5viR5Z2K5D3avM7Q=="
    },
    "toastr": {
      "version": "2.1.4",
      "resolved": "https://registry.npmjs.org/toastr/-/toastr-2.1.4.tgz",
      "integrity": "sha1-i0O+ZPudDEFIcURvLbjoyk6V8YE=",
      "requires": {
        "jquery": ">=1.12.0"
      }
    },
    "vue-sweetalert2": {
      "version": "5.0.2",
      "resolved": "https://registry.npmjs.org/vue-sweetalert2/-/vue-sweetalert2-5.0.2.tgz",
      "integrity": "sha512-28pcpmvaFxwoXIUkOWwhZhmsV749jXxha8JicwPoSKyFKR5FhIaZU6UHO5WlUCLIVUI6sAWY6WngK2x/iXYwZg==",
      "requires": {
        "sweetalert2": "11.x"
      }
    },
    "vue-toasted": {
      "version": "1.1.28",
      "resolved": "https://registry.npmjs.org/vue-toasted/-/vue-toasted-1.1.28.tgz",
      "integrity": "sha512-UUzr5LX51UbbiROSGZ49GOgSzFxaMHK6L00JV8fir/CYNJCpIIvNZ5YmS4Qc8Y2+Z/4VVYRpeQL2UO0G800Raw=="
    },
    "vue-toastr-2": {
      "version": "0.0.10",
      "resolved": "https://registry.npmjs.org/vue-toastr-2/-/vue-toastr-2-0.0.10.tgz",
      "integrity": "sha512-u6KeQNQGNMbmnsRp7t1oLqPF6bCbB/xplWFRN5/YjZ8Bphae06xQnPnDXVUNdZfBwElJqQwGxQDHh1QbT2ieFw=="
    }
  }
}
